// !$*UTF8*$!
{
	archiveVersion = 1;
	classes = {
	};
	objectVersion = 56;
	objects = {

/* Begin PBXBuildFile section */
		1401186A2BCCC4A900E1F588 /* AppDelegate.swift in Sources */ = {isa = PBXBuildFile; fileRef = 140118692BCCC4A900E1F588 /* AppDelegate.swift */; };
		1401186C2BCCC4A900E1F588 /* SceneDelegate.swift in Sources */ = {isa = PBXBuildFile; fileRef = 1401186B2BCCC4A900E1F588 /* SceneDelegate.swift */; };
		1401186E2BCCC4A900E1F588 /* TodayViewController.swift in Sources */ = {isa = PBXBuildFile; fileRef = 1401186D2BCCC4A900E1F588 /* TodayViewController.swift */; };
		140118742BCCC4A900E1F588 /* AppStore.xcdatamodeld in Sources */ = {isa = PBXBuildFile; fileRef = 140118722BCCC4A900E1F588 /* AppStore.xcdatamodeld */; };
		140118762BCCC4AA00E1F588 /* Assets.xcassets in Resources */ = {isa = PBXBuildFile; fileRef = 140118752BCCC4AA00E1F588 /* Assets.xcassets */; };
		140118792BCCC4AA00E1F588 /* Base in Resources */ = {isa = PBXBuildFile; fileRef = 140118782BCCC4AA00E1F588 /* Base */; };
		140118842BCCC4AA00E1F588 /* AppStoreTests.swift in Sources */ = {isa = PBXBuildFile; fileRef = 140118832BCCC4AA00E1F588 /* AppStoreTests.swift */; };
		1401188E2BCCC4AA00E1F588 /* AppStoreUITests.swift in Sources */ = {isa = PBXBuildFile; fileRef = 1401188D2BCCC4AA00E1F588 /* AppStoreUITests.swift */; };
		140118902BCCC4AA00E1F588 /* AppStoreUITestsLaunchTests.swift in Sources */ = {isa = PBXBuildFile; fileRef = 1401188F2BCCC4AA00E1F588 /* AppStoreUITestsLaunchTests.swift */; };
		1401189F2BCCDB6800E1F588 /* App.swift in Sources */ = {isa = PBXBuildFile; fileRef = 1401189E2BCCDB6800E1F588 /* App.swift */; };
		1412F6D12BCE174A00404F78 /* TabController.swift in Sources */ = {isa = PBXBuildFile; fileRef = 1412F6D02BCE174A00404F78 /* TabController.swift */; };
		147964052BCCEAA20062A2D3 /* Alamofire in Frameworks */ = {isa = PBXBuildFile; productRef = 147964042BCCEAA20062A2D3 /* Alamofire */; };
		147964072BCCEAB70062A2D3 /* Kingfisher in Frameworks */ = {isa = PBXBuildFile; productRef = 147964062BCCEAB70062A2D3 /* Kingfisher */; };
		1479640A2BCCEAE20062A2D3 /* SnapKit in Frameworks */ = {isa = PBXBuildFile; productRef = 147964092BCCEAE20062A2D3 /* SnapKit */; };
		1479640C2BCCEE490062A2D3 /* AppViewController.swift in Sources */ = {isa = PBXBuildFile; fileRef = 1479640B2BCCEE490062A2D3 /* AppViewController.swift */; };
		1479640E2BCCEE690062A2D3 /* GameViewController.swift in Sources */ = {isa = PBXBuildFile; fileRef = 1479640D2BCCEE690062A2D3 /* GameViewController.swift */; };
		147964102BCCEE760062A2D3 /* SearchViewController.swift in Sources */ = {isa = PBXBuildFile; fileRef = 1479640F2BCCEE760062A2D3 /* SearchViewController.swift */; };
		14FB73822BCCF72700C840EE /* Extension.swift in Sources */ = {isa = PBXBuildFile; fileRef = 14FB73812BCCF72700C840EE /* Extension.swift */; };
/* End PBXBuildFile section */

/* Begin PBXContainerItemProxy section */
		140118802BCCC4AA00E1F588 /* PBXContainerItemProxy */ = {
			isa = PBXContainerItemProxy;
			containerPortal = 1401185E2BCCC4A900E1F588 /* Project object */;
			proxyType = 1;
			remoteGlobalIDString = 140118652BCCC4A900E1F588;
			remoteInfo = AppStore;
		};
		1401188A2BCCC4AA00E1F588 /* PBXContainerItemProxy */ = {
			isa = PBXContainerItemProxy;
			containerPortal = 1401185E2BCCC4A900E1F588 /* Project object */;
			proxyType = 1;
			remoteGlobalIDString = 140118652BCCC4A900E1F588;
			remoteInfo = AppStore;
		};
/* End PBXContainerItemProxy section */

/* Begin PBXFileReference section */
		140118662BCCC4A900E1F588 /* AppStore.app */ = {isa = PBXFileReference; explicitFileType = wrapper.application; includeInIndex = 0; path = AppStore.app; sourceTree = BUILT_PRODUCTS_DIR; };
		140118692BCCC4A900E1F588 /* AppDelegate.swift */ = {isa = PBXFileReference; lastKnownFileType = sourcecode.swift; path = AppDelegate.swift; sourceTree = "<group>"; };
		1401186B2BCCC4A900E1F588 /* SceneDelegate.swift */ = {isa = PBXFileReference; lastKnownFileType = sourcecode.swift; path = SceneDelegate.swift; sourceTree = "<group>"; };
		1401186D2BCCC4A900E1F588 /* TodayViewController.swift */ = {isa = PBXFileReference; lastKnownFileType = sourcecode.swift; path = TodayViewController.swift; sourceTree = "<group>"; };
		140118732BCCC4A900E1F588 /* AppStore.xcdatamodel */ = {isa = PBXFileReference; lastKnownFileType = wrapper.xcdatamodel; path = AppStore.xcdatamodel; sourceTree = "<group>"; };
		140118752BCCC4AA00E1F588 /* Assets.xcassets */ = {isa = PBXFileReference; lastKnownFileType = folder.assetcatalog; path = Assets.xcassets; sourceTree = "<group>"; };
		140118782BCCC4AA00E1F588 /* Base */ = {isa = PBXFileReference; lastKnownFileType = file.storyboard; name = Base; path = Base.lproj/LaunchScreen.storyboard; sourceTree = "<group>"; };
		1401187A2BCCC4AA00E1F588 /* Info.plist */ = {isa = PBXFileReference; lastKnownFileType = text.plist.xml; path = Info.plist; sourceTree = "<group>"; };
		1401187F2BCCC4AA00E1F588 /* AppStoreTests.xctest */ = {isa = PBXFileReference; explicitFileType = wrapper.cfbundle; includeInIndex = 0; path = AppStoreTests.xctest; sourceTree = BUILT_PRODUCTS_DIR; };
		140118832BCCC4AA00E1F588 /* AppStoreTests.swift */ = {isa = PBXFileReference; lastKnownFileType = sourcecode.swift; path = AppStoreTests.swift; sourceTree = "<group>"; };
		140118892BCCC4AA00E1F588 /* AppStoreUITests.xctest */ = {isa = PBXFileReference; explicitFileType = wrapper.cfbundle; includeInIndex = 0; path = AppStoreUITests.xctest; sourceTree = BUILT_PRODUCTS_DIR; };
		1401188D2BCCC4AA00E1F588 /* AppStoreUITests.swift */ = {isa = PBXFileReference; lastKnownFileType = sourcecode.swift; path = AppStoreUITests.swift; sourceTree = "<group>"; };
		1401188F2BCCC4AA00E1F588 /* AppStoreUITestsLaunchTests.swift */ = {isa = PBXFileReference; lastKnownFileType = sourcecode.swift; path = AppStoreUITestsLaunchTests.swift; sourceTree = "<group>"; };
		1401189E2BCCDB6800E1F588 /* App.swift */ = {isa = PBXFileReference; lastKnownFileType = sourcecode.swift; path = App.swift; sourceTree = "<group>"; };
		1412F6D02BCE174A00404F78 /* TabController.swift */ = {isa = PBXFileReference; lastKnownFileType = sourcecode.swift; path = TabController.swift; sourceTree = "<group>"; };
		1479640B2BCCEE490062A2D3 /* AppViewController.swift */ = {isa = PBXFileReference; lastKnownFileType = sourcecode.swift; path = AppViewController.swift; sourceTree = "<group>"; };
		1479640D2BCCEE690062A2D3 /* GameViewController.swift */ = {isa = PBXFileReference; lastKnownFileType = sourcecode.swift; path = GameViewController.swift; sourceTree = "<group>"; };
		1479640F2BCCEE760062A2D3 /* SearchViewController.swift */ = {isa = PBXFileReference; lastKnownFileType = sourcecode.swift; path = SearchViewController.swift; sourceTree = "<group>"; };
		14FB73812BCCF72700C840EE /* Extension.swift */ = {isa = PBXFileReference; lastKnownFileType = sourcecode.swift; path = Extension.swift; sourceTree = "<group>"; };
/* End PBXFileReference section */

/* Begin PBXFrameworksBuildPhase section */
		140118632BCCC4A900E1F588 /* Frameworks */ = {
			isa = PBXFrameworksBuildPhase;
			buildActionMask = 2147483647;
			files = (
				1479640A2BCCEAE20062A2D3 /* SnapKit in Frameworks */,
				147964072BCCEAB70062A2D3 /* Kingfisher in Frameworks */,
				147964052BCCEAA20062A2D3 /* Alamofire in Frameworks */,
			);
			runOnlyForDeploymentPostprocessing = 0;
		};
		1401187C2BCCC4AA00E1F588 /* Frameworks */ = {
			isa = PBXFrameworksBuildPhase;
			buildActionMask = 2147483647;
			files = (
			);
			runOnlyForDeploymentPostprocessing = 0;
		};
		140118862BCCC4AA00E1F588 /* Frameworks */ = {
			isa = PBXFrameworksBuildPhase;
			buildActionMask = 2147483647;
			files = (
			);
			runOnlyForDeploymentPostprocessing = 0;
		};
/* End PBXFrameworksBuildPhase section */

/* Begin PBXGroup section */
		1401185D2BCCC4A900E1F588 = {
			isa = PBXGroup;
			children = (
				140118682BCCC4A900E1F588 /* AppStore */,
				140118822BCCC4AA00E1F588 /* AppStoreTests */,
				1401188C2BCCC4AA00E1F588 /* AppStoreUITests */,
				140118672BCCC4A900E1F588 /* Products */,
			);
			sourceTree = "<group>";
		};
		140118672BCCC4A900E1F588 /* Products */ = {
			isa = PBXGroup;
			children = (
				140118662BCCC4A900E1F588 /* AppStore.app */,
				1401187F2BCCC4AA00E1F588 /* AppStoreTests.xctest */,
				140118892BCCC4AA00E1F588 /* AppStoreUITests.xctest */,
			);
			name = Products;
			sourceTree = "<group>";
		};
		140118682BCCC4A900E1F588 /* AppStore */ = {
			isa = PBXGroup;
			children = (
				1412F6CF2BCE11E400404F78 /* Supporting */,
				14FB73802BCCF71400C840EE /* Utils */,
				14FB737F2BCCF70900C840EE /* Resources */,
				1401189D2BCCDA6100E1F588 /* Model */,
				1401189C2BCCDA5900E1F588 /* ViewController */,
				1401187A2BCCC4AA00E1F588 /* Info.plist */,
			);
			path = AppStore;
			sourceTree = "<group>";
		};
		140118822BCCC4AA00E1F588 /* AppStoreTests */ = {
			isa = PBXGroup;
			children = (
				140118832BCCC4AA00E1F588 /* AppStoreTests.swift */,
			);
			path = AppStoreTests;
			sourceTree = "<group>";
		};
		1401188C2BCCC4AA00E1F588 /* AppStoreUITests */ = {
			isa = PBXGroup;
			children = (
				1401188D2BCCC4AA00E1F588 /* AppStoreUITests.swift */,
				1401188F2BCCC4AA00E1F588 /* AppStoreUITestsLaunchTests.swift */,
			);
			path = AppStoreUITests;
			sourceTree = "<group>";
		};
		1401189C2BCCDA5900E1F588 /* ViewController */ = {
			isa = PBXGroup;
			children = (
				140118772BCCC4AA00E1F588 /* LaunchScreen.storyboard */,
				1401186D2BCCC4A900E1F588 /* TodayViewController.swift */,
				1479640B2BCCEE490062A2D3 /* AppViewController.swift */,
				1479640D2BCCEE690062A2D3 /* GameViewController.swift */,
				1479640F2BCCEE760062A2D3 /* SearchViewController.swift */,
				1412F6D02BCE174A00404F78 /* TabController.swift */,
			);
			path = ViewController;
			sourceTree = "<group>";
		};
		1401189D2BCCDA6100E1F588 /* Model */ = {
			isa = PBXGroup;
			children = (
				1401189E2BCCDB6800E1F588 /* App.swift */,
			);
			path = Model;
			sourceTree = "<group>";
		};
		1412F6CF2BCE11E400404F78 /* Supporting */ = {
			isa = PBXGroup;
			children = (
				140118692BCCC4A900E1F588 /* AppDelegate.swift */,
				1401186B2BCCC4A900E1F588 /* SceneDelegate.swift */,
				140118752BCCC4AA00E1F588 /* Assets.xcassets */,
				140118722BCCC4A900E1F588 /* AppStore.xcdatamodeld */,
			);
			path = Supporting;
			sourceTree = "<group>";
		};
		14FB737F2BCCF70900C840EE /* Resources */ = {
			isa = PBXGroup;
			children = (
			);
			path = Resources;
			sourceTree = "<group>";
		};
		14FB73802BCCF71400C840EE /* Utils */ = {
			isa = PBXGroup;
			children = (
				14FB73812BCCF72700C840EE /* Extension.swift */,
			);
			path = Utils;
			sourceTree = "<group>";
		};
/* End PBXGroup section */

/* Begin PBXNativeTarget section */
		140118652BCCC4A900E1F588 /* AppStore */ = {
			isa = PBXNativeTarget;
			buildConfigurationList = 140118932BCCC4AA00E1F588 /* Build configuration list for PBXNativeTarget "AppStore" */;
			buildPhases = (
				140118622BCCC4A900E1F588 /* Sources */,
				140118632BCCC4A900E1F588 /* Frameworks */,
				140118642BCCC4A900E1F588 /* Resources */,
			);
			buildRules = (
			);
			dependencies = (
			);
			name = AppStore;
			packageProductDependencies = (
				147964042BCCEAA20062A2D3 /* Alamofire */,
				147964062BCCEAB70062A2D3 /* Kingfisher */,
				147964092BCCEAE20062A2D3 /* SnapKit */,
			);
			productName = AppStore;
			productReference = 140118662BCCC4A900E1F588 /* AppStore.app */;
			productType = "com.apple.product-type.application";
		};
		1401187E2BCCC4AA00E1F588 /* AppStoreTests */ = {
			isa = PBXNativeTarget;
			buildConfigurationList = 140118962BCCC4AA00E1F588 /* Build configuration list for PBXNativeTarget "AppStoreTests" */;
			buildPhases = (
				1401187B2BCCC4AA00E1F588 /* Sources */,
				1401187C2BCCC4AA00E1F588 /* Frameworks */,
				1401187D2BCCC4AA00E1F588 /* Resources */,
			);
			buildRules = (
			);
			dependencies = (
				140118812BCCC4AA00E1F588 /* PBXTargetDependency */,
			);
			name = AppStoreTests;
			productName = AppStoreTests;
			productReference = 1401187F2BCCC4AA00E1F588 /* AppStoreTests.xctest */;
			productType = "com.apple.product-type.bundle.unit-test";
		};
		140118882BCCC4AA00E1F588 /* AppStoreUITests */ = {
			isa = PBXNativeTarget;
			buildConfigurationList = 140118992BCCC4AA00E1F588 /* Build configuration list for PBXNativeTarget "AppStoreUITests" */;
			buildPhases = (
				140118852BCCC4AA00E1F588 /* Sources */,
				140118862BCCC4AA00E1F588 /* Frameworks */,
				140118872BCCC4AA00E1F588 /* Resources */,
			);
			buildRules = (
			);
			dependencies = (
				1401188B2BCCC4AA00E1F588 /* PBXTargetDependency */,
			);
			name = AppStoreUITests;
			productName = AppStoreUITests;
			productReference = 140118892BCCC4AA00E1F588 /* AppStoreUITests.xctest */;
			productType = "com.apple.product-type.bundle.ui-testing";
		};
/* End PBXNativeTarget section */

/* Begin PBXProject section */
		1401185E2BCCC4A900E1F588 /* Project object */ = {
			isa = PBXProject;
			attributes = {
				BuildIndependentTargetsInParallel = 1;
				LastSwiftUpdateCheck = 1530;
				LastUpgradeCheck = 1530;
				TargetAttributes = {
					140118652BCCC4A900E1F588 = {
						CreatedOnToolsVersion = 15.3;
					};
					1401187E2BCCC4AA00E1F588 = {
						CreatedOnToolsVersion = 15.3;
						TestTargetID = 140118652BCCC4A900E1F588;
					};
					140118882BCCC4AA00E1F588 = {
						CreatedOnToolsVersion = 15.3;
						TestTargetID = 140118652BCCC4A900E1F588;
					};
				};
			};
			buildConfigurationList = 140118612BCCC4A900E1F588 /* Build configuration list for PBXProject "AppStore" */;
			compatibilityVersion = "Xcode 14.0";
			developmentRegion = en;
			hasScannedForEncodings = 0;
			knownRegions = (
				en,
				Base,
			);
			mainGroup = 1401185D2BCCC4A900E1F588;
			packageReferences = (
				147964022BCCEA920062A2D3 /* XCRemoteSwiftPackageReference "Kingfisher" */,
				147964032BCCEAA20062A2D3 /* XCRemoteSwiftPackageReference "Alamofire" */,
				147964082BCCEAE20062A2D3 /* XCRemoteSwiftPackageReference "SnapKit" */,
			);
			productRefGroup = 140118672BCCC4A900E1F588 /* Products */;
			projectDirPath = "";
			projectRoot = "";
			targets = (
				140118652BCCC4A900E1F588 /* AppStore */,
				1401187E2BCCC4AA00E1F588 /* AppStoreTests */,
				140118882BCCC4AA00E1F588 /* AppStoreUITests */,
			);
		};
/* End PBXProject section */

/* Begin PBXResourcesBuildPhase section */
		140118642BCCC4A900E1F588 /* Resources */ = {
			isa = PBXResourcesBuildPhase;
			buildActionMask = 2147483647;
			files = (
				140118762BCCC4AA00E1F588 /* Assets.xcassets in Resources */,
				140118792BCCC4AA00E1F588 /* Base in Resources */,
			);
			runOnlyForDeploymentPostprocessing = 0;
		};
		1401187D2BCCC4AA00E1F588 /* Resources */ = {
			isa = PBXResourcesBuildPhase;
			buildActionMask = 2147483647;
			files = (
			);
			runOnlyForDeploymentPostprocessing = 0;
		};
		140118872BCCC4AA00E1F588 /* Resources */ = {
			isa = PBXResourcesBuildPhase;
			buildActionMask = 2147483647;
			files = (
			);
			runOnlyForDeploymentPostprocessing = 0;
		};
/* End PBXResourcesBuildPhase section */

/* Begin PBXSourcesBuildPhase section */
		140118622BCCC4A900E1F588 /* Sources */ = {
			isa = PBXSourcesBuildPhase;
			buildActionMask = 2147483647;
			files = (
				1479640E2BCCEE690062A2D3 /* GameViewController.swift in Sources */,
				1479640C2BCCEE490062A2D3 /* AppViewController.swift in Sources */,
				147964102BCCEE760062A2D3 /* SearchViewController.swift in Sources */,
				1401186E2BCCC4A900E1F588 /* TodayViewController.swift in Sources */,
				1401186A2BCCC4A900E1F588 /* AppDelegate.swift in Sources */,
				1412F6D12BCE174A00404F78 /* TabController.swift in Sources */,
				1401186C2BCCC4A900E1F588 /* SceneDelegate.swift in Sources */,
				1401189F2BCCDB6800E1F588 /* App.swift in Sources */,
				14FB73822BCCF72700C840EE /* Extension.swift in Sources */,
				140118742BCCC4A900E1F588 /* AppStore.xcdatamodeld in Sources */,
			);
			runOnlyForDeploymentPostprocessing = 0;
		};
		1401187B2BCCC4AA00E1F588 /* Sources */ = {
			isa = PBXSourcesBuildPhase;
			buildActionMask = 2147483647;
			files = (
				140118842BCCC4AA00E1F588 /* AppStoreTests.swift in Sources */,
			);
			runOnlyForDeploymentPostprocessing = 0;
		};
		140118852BCCC4AA00E1F588 /* Sources */ = {
			isa = PBXSourcesBuildPhase;
			buildActionMask = 2147483647;
			files = (
				140118902BCCC4AA00E1F588 /* AppStoreUITestsLaunchTests.swift in Sources */,
				1401188E2BCCC4AA00E1F588 /* AppStoreUITests.swift in Sources */,
			);
			runOnlyForDeploymentPostprocessing = 0;
		};
/* End PBXSourcesBuildPhase section */

/* Begin PBXTargetDependency section */
		140118812BCCC4AA00E1F588 /* PBXTargetDependency */ = {
			isa = PBXTargetDependency;
			target = 140118652BCCC4A900E1F588 /* AppStore */;
			targetProxy = 140118802BCCC4AA00E1F588 /* PBXContainerItemProxy */;
		};
		1401188B2BCCC4AA00E1F588 /* PBXTargetDependency */ = {
			isa = PBXTargetDependency;
			target = 140118652BCCC4A900E1F588 /* AppStore */;
			targetProxy = 1401188A2BCCC4AA00E1F588 /* PBXContainerItemProxy */;
		};
/* End PBXTargetDependency section */

/* Begin PBXVariantGroup section */
		140118772BCCC4AA00E1F588 /* LaunchScreen.storyboard */ = {
			isa = PBXVariantGroup;
			children = (
				140118782BCCC4AA00E1F588 /* Base */,
			);
			name = LaunchScreen.storyboard;
			sourceTree = "<group>";
		};
/* End PBXVariantGroup section */

/* Begin XCBuildConfiguration section */
		140118912BCCC4AA00E1F588 /* Debug */ = {
			isa = XCBuildConfiguration;
			buildSettings = {
				ALWAYS_SEARCH_USER_PATHS = NO;
				ASSETCATALOG_COMPILER_GENERATE_SWIFT_ASSET_SYMBOL_EXTENSIONS = YES;
				CLANG_ANALYZER_NONNULL = YES;
				CLANG_ANALYZER_NUMBER_OBJECT_CONVERSION = YES_AGGRESSIVE;
				CLANG_CXX_LANGUAGE_STANDARD = "gnu++20";
				CLANG_ENABLE_MODULES = YES;
				CLANG_ENABLE_OBJC_ARC = YES;
				CLANG_ENABLE_OBJC_WEAK = YES;
				CLANG_WARN_BLOCK_CAPTURE_AUTORELEASING = YES;
				CLANG_WARN_BOOL_CONVERSION = YES;
				CLANG_WARN_COMMA = YES;
				CLANG_WARN_CONSTANT_CONVERSION = YES;
				CLANG_WARN_DEPRECATED_OBJC_IMPLEMENTATIONS = YES;
				CLANG_WARN_DIRECT_OBJC_ISA_USAGE = YES_ERROR;
				CLANG_WARN_DOCUMENTATION_COMMENTS = YES;
				CLANG_WARN_EMPTY_BODY = YES;
				CLANG_WARN_ENUM_CONVERSION = YES;
				CLANG_WARN_INFINITE_RECURSION = YES;
				CLANG_WARN_INT_CONVERSION = YES;
				CLANG_WARN_NON_LITERAL_NULL_CONVERSION = YES;
				CLANG_WARN_OBJC_IMPLICIT_RETAIN_SELF = YES;
				CLANG_WARN_OBJC_LITERAL_CONVERSION = YES;
				CLANG_WARN_OBJC_ROOT_CLASS = YES_ERROR;
				CLANG_WARN_QUOTED_INCLUDE_IN_FRAMEWORK_HEADER = YES;
				CLANG_WARN_RANGE_LOOP_ANALYSIS = YES;
				CLANG_WARN_STRICT_PROTOTYPES = YES;
				CLANG_WARN_SUSPICIOUS_MOVE = YES;
				CLANG_WARN_UNGUARDED_AVAILABILITY = YES_AGGRESSIVE;
				CLANG_WARN_UNREACHABLE_CODE = YES;
				CLANG_WARN__DUPLICATE_METHOD_MATCH = YES;
				COPY_PHASE_STRIP = NO;
				DEBUG_INFORMATION_FORMAT = dwarf;
				ENABLE_STRICT_OBJC_MSGSEND = YES;
				ENABLE_TESTABILITY = YES;
				ENABLE_USER_SCRIPT_SANDBOXING = YES;
				GCC_C_LANGUAGE_STANDARD = gnu17;
				GCC_DYNAMIC_NO_PIC = NO;
				GCC_NO_COMMON_BLOCKS = YES;
				GCC_OPTIMIZATION_LEVEL = 0;
				GCC_PREPROCESSOR_DEFINITIONS = (
					"DEBUG=1",
					"$(inherited)",
				);
				GCC_WARN_64_TO_32_BIT_CONVERSION = YES;
				GCC_WARN_ABOUT_RETURN_TYPE = YES_ERROR;
				GCC_WARN_UNDECLARED_SELECTOR = YES;
				GCC_WARN_UNINITIALIZED_AUTOS = YES_AGGRESSIVE;
				GCC_WARN_UNUSED_FUNCTION = YES;
				GCC_WARN_UNUSED_VARIABLE = YES;
				IPHONEOS_DEPLOYMENT_TARGET = 17.4;
				LOCALIZATION_PREFERS_STRING_CATALOGS = YES;
				MTL_ENABLE_DEBUG_INFO = INCLUDE_SOURCE;
				MTL_FAST_MATH = YES;
				ONLY_ACTIVE_ARCH = YES;
				SDKROOT = iphoneos;
				SWIFT_ACTIVE_COMPILATION_CONDITIONS = "DEBUG $(inherited)";
				SWIFT_OPTIMIZATION_LEVEL = "-Onone";
			};
			name = Debug;
		};
		140118922BCCC4AA00E1F588 /* Release */ = {
			isa = XCBuildConfiguration;
			buildSettings = {
				ALWAYS_SEARCH_USER_PATHS = NO;
				ASSETCATALOG_COMPILER_GENERATE_SWIFT_ASSET_SYMBOL_EXTENSIONS = YES;
				CLANG_ANALYZER_NONNULL = YES;
				CLANG_ANALYZER_NUMBER_OBJECT_CONVERSION = YES_AGGRESSIVE;
				CLANG_CXX_LANGUAGE_STANDARD = "gnu++20";
				CLANG_ENABLE_MODULES = YES;
				CLANG_ENABLE_OBJC_ARC = YES;
				CLANG_ENABLE_OBJC_WEAK = YES;
				CLANG_WARN_BLOCK_CAPTURE_AUTORELEASING = YES;
				CLANG_WARN_BOOL_CONVERSION = YES;
				CLANG_WARN_COMMA = YES;
				CLANG_WARN_CONSTANT_CONVERSION = YES;
				CLANG_WARN_DEPRECATED_OBJC_IMPLEMENTATIONS = YES;
				CLANG_WARN_DIRECT_OBJC_ISA_USAGE = YES_ERROR;
				CLANG_WARN_DOCUMENTATION_COMMENTS = YES;
				CLANG_WARN_EMPTY_BODY = YES;
				CLANG_WARN_ENUM_CONVERSION = YES;
				CLANG_WARN_INFINITE_RECURSION = YES;
				CLANG_WARN_INT_CONVERSION = YES;
				CLANG_WARN_NON_LITERAL_NULL_CONVERSION = YES;
				CLANG_WARN_OBJC_IMPLICIT_RETAIN_SELF = YES;
				CLANG_WARN_OBJC_LITERAL_CONVERSION = YES;
				CLANG_WARN_OBJC_ROOT_CLASS = YES_ERROR;
				CLANG_WARN_QUOTED_INCLUDE_IN_FRAMEWORK_HEADER = YES;
				CLANG_WARN_RANGE_LOOP_ANALYSIS = YES;
				CLANG_WARN_STRICT_PROTOTYPES = YES;
				CLANG_WARN_SUSPICIOUS_MOVE = YES;
				CLANG_WARN_UNGUARDED_AVAILABILITY = YES_AGGRESSIVE;
				CLANG_WARN_UNREACHABLE_CODE = YES;
				CLANG_WARN__DUPLICATE_METHOD_MATCH = YES;
				COPY_PHASE_STRIP = NO;
				DEBUG_INFORMATION_FORMAT = "dwarf-with-dsym";
				ENABLE_NS_ASSERTIONS = NO;
				ENABLE_STRICT_OBJC_MSGSEND = YES;
				ENABLE_USER_SCRIPT_SANDBOXING = YES;
				GCC_C_LANGUAGE_STANDARD = gnu17;
				GCC_NO_COMMON_BLOCKS = YES;
				GCC_WARN_64_TO_32_BIT_CONVERSION = YES;
				GCC_WARN_ABOUT_RETURN_TYPE = YES_ERROR;
				GCC_WARN_UNDECLARED_SELECTOR = YES;
				GCC_WARN_UNINITIALIZED_AUTOS = YES_AGGRESSIVE;
				GCC_WARN_UNUSED_FUNCTION = YES;
				GCC_WARN_UNUSED_VARIABLE = YES;
				IPHONEOS_DEPLOYMENT_TARGET = 17.4;
				LOCALIZATION_PREFERS_STRING_CATALOGS = YES;
				MTL_ENABLE_DEBUG_INFO = NO;
				MTL_FAST_MATH = YES;
				SDKROOT = iphoneos;
				SWIFT_COMPILATION_MODE = wholemodule;
				VALIDATE_PRODUCT = YES;
			};
			name = Release;
		};
		140118942BCCC4AA00E1F588 /* Debug */ = {
			isa = XCBuildConfiguration;
			buildSettings = {
				ASSETCATALOG_COMPILER_APPICON_NAME = AppIcon;
				ASSETCATALOG_COMPILER_GLOBAL_ACCENT_COLOR_NAME = AccentColor;
				CODE_SIGN_STYLE = Automatic;
				CURRENT_PROJECT_VERSION = 1;
				DEVELOPMENT_TEAM = 27X8924SNC;
				GENERATE_INFOPLIST_FILE = YES;
				INFOPLIST_FILE = AppStore/Info.plist;
				INFOPLIST_KEY_UIApplicationSupportsIndirectInputEvents = YES;
				INFOPLIST_KEY_UILaunchStoryboardName = LaunchScreen;
				INFOPLIST_KEY_UISupportedInterfaceOrientations_iPad = "UIInterfaceOrientationPortrait UIInterfaceOrientationPortraitUpsideDown UIInterfaceOrientationLandscapeLeft UIInterfaceOrientationLandscapeRight";
				INFOPLIST_KEY_UISupportedInterfaceOrientations_iPhone = "UIInterfaceOrientationPortrait UIInterfaceOrientationLandscapeLeft UIInterfaceOrientationLandscapeRight";
				LD_RUNPATH_SEARCH_PATHS = (
					"$(inherited)",
					"@executable_path/Frameworks",
				);
				MARKETING_VERSION = 1.0;
				PRODUCT_BUNDLE_IDENTIFIER = com.Seungwon.UserDefaultsPractice;
				PRODUCT_NAME = "$(TARGET_NAME)";
				SWIFT_EMIT_LOC_STRINGS = YES;
				SWIFT_VERSION = 5.0;
				TARGETED_DEVICE_FAMILY = "1,2";
			};
			name = Debug;
		};
		140118952BCCC4AA00E1F588 /* Release */ = {
			isa = XCBuildConfiguration;
			buildSettings = {
				ASSETCATALOG_COMPILER_APPICON_NAME = AppIcon;
				ASSETCATALOG_COMPILER_GLOBAL_ACCENT_COLOR_NAME = AccentColor;
				CODE_SIGN_STYLE = Automatic;
				CURRENT_PROJECT_VERSION = 1;
				DEVELOPMENT_TEAM = 27X8924SNC;
				GENERATE_INFOPLIST_FILE = YES;
				INFOPLIST_FILE = AppStore/Info.plist;
				INFOPLIST_KEY_UIApplicationSupportsIndirectInputEvents = YES;
				INFOPLIST_KEY_UILaunchStoryboardName = LaunchScreen;
				INFOPLIST_KEY_UISupportedInterfaceOrientations_iPad = "UIInterfaceOrientationPortrait UIInterfaceOrientationPortraitUpsideDown UIInterfaceOrientationLandscapeLeft UIInterfaceOrientationLandscapeRight";
				INFOPLIST_KEY_UISupportedInterfaceOrientations_iPhone = "UIInterfaceOrientationPortrait UIInterfaceOrientationLandscapeLeft UIInterfaceOrientationLandscapeRight";
				LD_RUNPATH_SEARCH_PATHS = (
					"$(inherited)",
					"@executable_path/Frameworks",
				);
				MARKETING_VERSION = 1.0;
				PRODUCT_BUNDLE_IDENTIFIER = com.Seungwon.UserDefaultsPractice;
				PRODUCT_NAME = "$(TARGET_NAME)";
				SWIFT_EMIT_LOC_STRINGS = YES;
				SWIFT_VERSION = 5.0;
				TARGETED_DEVICE_FAMILY = "1,2";
			};
			name = Release;
		};
		140118972BCCC4AA00E1F588 /* Debug */ = {
			isa = XCBuildConfiguration;
			buildSettings = {
				ALWAYS_EMBED_SWIFT_STANDARD_LIBRARIES = YES;
				BUNDLE_LOADER = "$(TEST_HOST)";
				CODE_SIGN_STYLE = Automatic;
				CURRENT_PROJECT_VERSION = 1;
				DEVELOPMENT_TEAM = 27X8924SNC;
				GENERATE_INFOPLIST_FILE = YES;
				IPHONEOS_DEPLOYMENT_TARGET = 17.4;
				MARKETING_VERSION = 1.0;
				PRODUCT_BUNDLE_IDENTIFIER = com.Seungwon.AppStoreTests;
				PRODUCT_NAME = "$(TARGET_NAME)";
				SWIFT_EMIT_LOC_STRINGS = NO;
				SWIFT_VERSION = 5.0;
				TARGETED_DEVICE_FAMILY = "1,2";
				TEST_HOST = "$(BUILT_PRODUCTS_DIR)/AppStore.app/$(BUNDLE_EXECUTABLE_FOLDER_PATH)/AppStore";
			};
			name = Debug;
		};
		140118982BCCC4AA00E1F588 /* Release */ = {
			isa = XCBuildConfiguration;
			buildSettings = {
				ALWAYS_EMBED_SWIFT_STANDARD_LIBRARIES = YES;
				BUNDLE_LOADER = "$(TEST_HOST)";
				CODE_SIGN_STYLE = Automatic;
				CURRENT_PROJECT_VERSION = 1;
				DEVELOPMENT_TEAM = 27X8924SNC;
				GENERATE_INFOPLIST_FILE = YES;
				IPHONEOS_DEPLOYMENT_TARGET = 17.4;
				MARKETING_VERSION = 1.0;
				PRODUCT_BUNDLE_IDENTIFIER = com.Seungwon.AppStoreTests;
				PRODUCT_NAME = "$(TARGET_NAME)";
				SWIFT_EMIT_LOC_STRINGS = NO;
				SWIFT_VERSION = 5.0;
				TARGETED_DEVICE_FAMILY = "1,2";
				TEST_HOST = "$(BUILT_PRODUCTS_DIR)/AppStore.app/$(BUNDLE_EXECUTABLE_FOLDER_PATH)/AppStore";
			};
			name = Release;
		};
		1401189A2BCCC4AA00E1F588 /* Debug */ = {
			isa = XCBuildConfiguration;
			buildSettings = {
				ALWAYS_EMBED_SWIFT_STANDARD_LIBRARIES = YES;
				CODE_SIGN_STYLE = Automatic;
				CURRENT_PROJECT_VERSION = 1;
				DEVELOPMENT_TEAM = 27X8924SNC;
				GENERATE_INFOPLIST_FILE = YES;
				MARKETING_VERSION = 1.0;
				PRODUCT_BUNDLE_IDENTIFIER = com.Seungwon.AppStoreUITests;
				PRODUCT_NAME = "$(TARGET_NAME)";
				SWIFT_EMIT_LOC_STRINGS = NO;
				SWIFT_VERSION = 5.0;
				TARGETED_DEVICE_FAMILY = "1,2";
				TEST_TARGET_NAME = AppStore;
			};
			name = Debug;
		};
		1401189B2BCCC4AA00E1F588 /* Release */ = {
			isa = XCBuildConfiguration;
			buildSettings = {
				ALWAYS_EMBED_SWIFT_STANDARD_LIBRARIES = YES;
				CODE_SIGN_STYLE = Automatic;
				CURRENT_PROJECT_VERSION = 1;
				DEVELOPMENT_TEAM = 27X8924SNC;
				GENERATE_INFOPLIST_FILE = YES;
				MARKETING_VERSION = 1.0;
				PRODUCT_BUNDLE_IDENTIFIER = com.Seungwon.AppStoreUITests;
				PRODUCT_NAME = "$(TARGET_NAME)";
				SWIFT_EMIT_LOC_STRINGS = NO;
				SWIFT_VERSION = 5.0;
				TARGETED_DEVICE_FAMILY = "1,2";
				TEST_TARGET_NAME = AppStore;
			};
			name = Release;
		};
/* End XCBuildConfiguration section */

/* Begin XCConfigurationList section */
		140118612BCCC4A900E1F588 /* Build configuration list for PBXProject "AppStore" */ = {
			isa = XCConfigurationList;
			buildConfigurations = (
				140118912BCCC4AA00E1F588 /* Debug */,
				140118922BCCC4AA00E1F588 /* Release */,
			);
			defaultConfigurationIsVisible = 0;
			defaultConfigurationName = Release;
		};
		140118932BCCC4AA00E1F588 /* Build configuration list for PBXNativeTarget "AppStore" */ = {
			isa = XCConfigurationList;
			buildConfigurations = (
				140118942BCCC4AA00E1F588 /* Debug */,
				140118952BCCC4AA00E1F588 /* Release */,
			);
			defaultConfigurationIsVisible = 0;
			defaultConfigurationName = Release;
		};
		140118962BCCC4AA00E1F588 /* Build configuration list for PBXNativeTarget "AppStoreTests" */ = {
			isa = XCConfigurationList;
			buildConfigurations = (
				140118972BCCC4AA00E1F588 /* Debug */,
				140118982BCCC4AA00E1F588 /* Release */,
			);
			defaultConfigurationIsVisible = 0;
			defaultConfigurationName = Release;
		};
		140118992BCCC4AA00E1F588 /* Build configuration list for PBXNativeTarget "AppStoreUITests" */ = {
			isa = XCConfigurationList;
			buildConfigurations = (
				1401189A2BCCC4AA00E1F588 /* Debug */,
				1401189B2BCCC4AA00E1F588 /* Release */,
			);
			defaultConfigurationIsVisible = 0;
			defaultConfigurationName = Release;
		};
/* End XCConfigurationList section */

/* Begin XCRemoteSwiftPackageReference section */
		147964022BCCEA920062A2D3 /* XCRemoteSwiftPackageReference "Kingfisher" */ = {
			isa = XCRemoteSwiftPackageReference;
			repositoryURL = "https://github.com/onevcat/Kingfisher.git";
			requirement = {
				kind = upToNextMajorVersion;
				minimumVersion = 7.11.0;
			};
		};
		147964032BCCEAA20062A2D3 /* XCRemoteSwiftPackageReference "Alamofire" */ = {
			isa = XCRemoteSwiftPackageReference;
			repositoryURL = "https://github.com/Alamofire/Alamofire";
			requirement = {
				kind = upToNextMajorVersion;
				minimumVersion = 5.9.1;
			};
		};
		147964082BCCEAE20062A2D3 /* XCRemoteSwiftPackageReference "SnapKit" */ = {
			isa = XCRemoteSwiftPackageReference;
			repositoryURL = "https://github.com/SnapKit/SnapKit.git";
			requirement = {
				kind = upToNextMajorVersion;
				minimumVersion = 5.7.1;
			};
		};
/* End XCRemoteSwiftPackageReference section */

/* Begin XCSwiftPackageProductDependency section */
		147964042BCCEAA20062A2D3 /* Alamofire */ = {
			isa = XCSwiftPackageProductDependency;
			package = 147964032BCCEAA20062A2D3 /* XCRemoteSwiftPackageReference "Alamofire" */;
			productName = Alamofire;
		};
		147964062BCCEAB70062A2D3 /* Kingfisher */ = {
			isa = XCSwiftPackageProductDependency;
			package = 147964022BCCEA920062A2D3 /* XCRemoteSwiftPackageReference "Kingfisher" */;
			productName = Kingfisher;
		};
		147964092BCCEAE20062A2D3 /* SnapKit */ = {
			isa = XCSwiftPackageProductDependency;
			package = 147964082BCCEAE20062A2D3 /* XCRemoteSwiftPackageReference "SnapKit" */;
			productName = SnapKit;
		};
/* End XCSwiftPackageProductDependency section */

/* Begin XCVersionGroup section */
		140118722BCCC4A900E1F588 /* AppStore.xcdatamodeld */ = {
			isa = XCVersionGroup;
			children = (
				140118732BCCC4A900E1F588 /* AppStore.xcdatamodel */,
			);
			currentVersion = 140118732BCCC4A900E1F588 /* AppStore.xcdatamodel */;
			path = AppStore.xcdatamodeld;
			sourceTree = "<group>";
			versionGroupType = wrapper.xcdatamodel;
		};
/* End XCVersionGroup section */
	};
	rootObject = 1401185E2BCCC4A900E1F588 /* Project object */;
}
